
Microsoft Visual Studio Solution File, Format Version 12.00
# Visual Studio 2015
Project("{FAE04EC0-301F-11D3-BF4B-00C04F79EFBC}") = "DroneDuel.CSharp.Plugins", "DroneDuel.CSharp.Plugins.csproj", "{D0B4F36F-3427-88B8-85DC-38EB6354B1B8}"
EndProject
Project("{FAE04EC0-301F-11D3-BF4B-00C04F79EFBC}") = "DroneDuel.CSharp", "DroneDuel.CSharp.csproj", "{A62239EA-57B7-1F47-C07D-7545FC2347DF}"
EndProject
Global
	GlobalSection(SolutionConfigurationPlatforms) = preSolution
		Debug|Any CPU = Debug|Any CPU
		Release|Any CPU = Release|Any CPU
	EndGlobalSection
	GlobalSection(ProjectConfigurationPlatforms) = postSolution
		{D0B4F36F-3427-88B8-85DC-38EB6354B1B8}.Debug|Any CPU.ActiveCfg = Debug|Any CPU
		{D0B4F36F-3427-88B8-85DC-38EB6354B1B8}.Debug|Any CPU.Build.0 = Debug|Any CPU
		{D0B4F36F-3427-88B8-85DC-38EB6354B1B8}.Release|Any CPU.ActiveCfg = Release|Any CPU
		{D0B4F36F-3427-88B8-85DC-38EB6354B1B8}.Release|Any CPU.Build.0 = Release|Any CPU
		{A62239EA-57B7-1F47-C07D-7545FC2347DF}.Debug|Any CPU.ActiveCfg = Debug|Any CPU
		{A62239EA-57B7-1F47-C07D-7545FC2347DF}.Debug|Any CPU.Build.0 = Debug|Any CPU
		{A62239EA-57B7-1F47-C07D-7545FC2347DF}.Release|Any CPU.ActiveCfg = Release|Any CPU
		{A62239EA-57B7-1F47-C07D-7545FC2347DF}.Release|Any CPU.Build.0 = Release|Any CPU
	EndGlobalSection
	GlobalSection(SolutionProperties) = preSolution
		HideSolutionNode = FALSE
	EndGlobalSection
EndGlobal
